// !$*UTF8*$!
{
	archiveVersion = 1;
	classes = {
	};
	objectVersion = 46;
	objects = {

/* Begin PBXBuildFile section */
		AC0118CB17FAC99800EC44B0 /* AudioHost.m in Sources */ = {isa = PBXBuildFile; fileRef = AC0118CA17FAC99800EC44B0 /* AudioHost.m */; };
		AC0118CE17FAD02700EC44B0 /* AudioToolbox.framework in Frameworks */ = {isa = PBXBuildFile; fileRef = AC0118CC17FAD02700EC44B0 /* AudioToolbox.framework */; };
		AC0118CF17FAD02700EC44B0 /* AVFoundation.framework in Frameworks */ = {isa = PBXBuildFile; fileRef = AC0118CD17FAD02700EC44B0 /* AVFoundation.framework */; };
		AC0118D117FADF8C00EC44B0 /* CoreMIDI.framework in Frameworks */ = {isa = PBXBuildFile; fileRef = AC0118D017FADF8C00EC44B0 /* CoreMIDI.framework */; };
		AC0118D517FAE4EB00EC44B0 /* instruments.dls in Resources */ = {isa = PBXBuildFile; fileRef = AC0118D417FAE4EB00EC44B0 /* instruments.dls */; };
		AC0118D817FAE54D00EC44B0 /* offspring.mid in Resources */ = {isa = PBXBuildFile; fileRef = AC0118D717FAE54D00EC44B0 /* offspring.mid */; };
		AC0118DA17FAE9ED00EC44B0 /* instruments.sf2 in Resources */ = {isa = PBXBuildFile; fileRef = AC0118D917FAE9ED00EC44B0 /* instruments.sf2 */; };
		AC23F16617EAF98C00F6FB7B /* UIKit.framework in Frameworks */ = {isa = PBXBuildFile; fileRef = AC23F16517EAF98C00F6FB7B /* UIKit.framework */; };
		AC23F16817EAF98C00F6FB7B /* Foundation.framework in Frameworks */ = {isa = PBXBuildFile; fileRef = AC23F16717EAF98C00F6FB7B /* Foundation.framework */; };
		AC23F16A17EAF98C00F6FB7B /* CoreGraphics.framework in Frameworks */ = {isa = PBXBuildFile; fileRef = AC23F16917EAF98C00F6FB7B /* CoreGraphics.framework */; };
		AC23F17017EAF98C00F6FB7B /* InfoPlist.strings in Resources */ = {isa = PBXBuildFile; fileRef = AC23F16E17EAF98C00F6FB7B /* InfoPlist.strings */; };
		AC23F17217EAF98C00F6FB7B /* main.m in Sources */ = {isa = PBXBuildFile; fileRef = AC23F17117EAF98C00F6FB7B /* main.m */; };
		AC23F17617EAF98C00F6FB7B /* AppDelegate.m in Sources */ = {isa = PBXBuildFile; fileRef = AC23F17517EAF98C00F6FB7B /* AppDelegate.m */; };
		AC23F17817EAF98C00F6FB7B /* Default.png in Resources */ = {isa = PBXBuildFile; fileRef = AC23F17717EAF98C00F6FB7B /* Default.png */; };
		AC23F17A17EAF98C00F6FB7B /* Default@2x.png in Resources */ = {isa = PBXBuildFile; fileRef = AC23F17917EAF98C00F6FB7B /* Default@2x.png */; };
		AC23F17C17EAF98C00F6FB7B /* Default-568h@2x.png in Resources */ = {isa = PBXBuildFile; fileRef = AC23F17B17EAF98C00F6FB7B /* Default-568h@2x.png */; };
		AC23F17F17EAF98C00F6FB7B /* MainStoryboard_iPhone.storyboard in Resources */ = {isa = PBXBuildFile; fileRef = AC23F17D17EAF98C00F6FB7B /* MainStoryboard_iPhone.storyboard */; };
		AC23F18217EAF98C00F6FB7B /* MainStoryboard_iPad.storyboard in Resources */ = {isa = PBXBuildFile; fileRef = AC23F18017EAF98C00F6FB7B /* MainStoryboard_iPad.storyboard */; };
		AC23F18517EAF98C00F6FB7B /* ViewController.m in Sources */ = {isa = PBXBuildFile; fileRef = AC23F18417EAF98C00F6FB7B /* ViewController.m */; };
		AC2D90FA17FB4A7A00F4D443 /* MIDIFile.m in Sources */ = {isa = PBXBuildFile; fileRef = AC2D90F917FB4A7A00F4D443 /* MIDIFile.m */; };
		AC2D90FF17FB810700F4D443 /* GLKit.framework in Frameworks */ = {isa = PBXBuildFile; fileRef = AC2D90FE17FB810700F4D443 /* GLKit.framework */; };
		AC2D910217FB813800F4D443 /* GuitarGLKViewController.m in Sources */ = {isa = PBXBuildFile; fileRef = AC2D910117FB813800F4D443 /* GuitarGLKViewController.m */; };
		AC2D910517FB835100F4D443 /* OpenGLES.framework in Frameworks */ = {isa = PBXBuildFile; fileRef = AC2D910317FB835000F4D443 /* OpenGLES.framework */; };
		AC2D910617FB835100F4D443 /* QuartzCore.framework in Frameworks */ = {isa = PBXBuildFile; fileRef = AC2D910417FB835100F4D443 /* QuartzCore.framework */; };
		AC2D911817FF71FD00F4D443 /* Accelerate.framework in Frameworks */ = {isa = PBXBuildFile; fileRef = AC2D911717FF71FD00F4D443 /* Accelerate.framework */; };
/* End PBXBuildFile section */

/* Begin PBXFileReference section */
		AC0118C917FAC99800EC44B0 /* AudioHost.h */ = {isa = PBXFileReference; fileEncoding = 4; lastKnownFileType = sourcecode.c.h; name = AudioHost.h; path = Guitar/Classes/AudioHost.h; sourceTree = "<group>"; };
		AC0118CA17FAC99800EC44B0 /* AudioHost.m */ = {isa = PBXFileReference; fileEncoding = 4; lastKnownFileType = sourcecode.c.objc; name = AudioHost.m; path = Guitar/Classes/AudioHost.m; sourceTree = "<group>"; };
		AC0118CC17FAD02700EC44B0 /* AudioToolbox.framework */ = {isa = PBXFileReference; lastKnownFileType = wrapper.framework; name = AudioToolbox.framework; path = System/Library/Frameworks/AudioToolbox.framework; sourceTree = SDKROOT; };
		AC0118CD17FAD02700EC44B0 /* AVFoundation.framework */ = {isa = PBXFileReference; lastKnownFileType = wrapper.framework; name = AVFoundation.framework; path = System/Library/Frameworks/AVFoundation.framework; sourceTree = SDKROOT; };
		AC0118D017FADF8C00EC44B0 /* CoreMIDI.framework */ = {isa = PBXFileReference; lastKnownFileType = wrapper.framework; name = CoreMIDI.framework; path = System/Library/Frameworks/CoreMIDI.framework; sourceTree = SDKROOT; };
		AC0118D417FAE4EB00EC44B0 /* instruments.dls */ = {isa = PBXFileReference; lastKnownFileType = file; name = instruments.dls; path = Guitar/Ressources/Sounds/instruments.dls; sourceTree = "<group>"; };
		AC0118D717FAE54D00EC44B0 /* offspring.mid */ = {isa = PBXFileReference; lastKnownFileType = audio.midi; name = offspring.mid; path = Guitar/Ressources/Songs/offspring.mid; sourceTree = "<group>"; };
		AC0118D917FAE9ED00EC44B0 /* instruments.sf2 */ = {isa = PBXFileReference; lastKnownFileType = file; name = instruments.sf2; path = Guitar/Ressources/Sounds/instruments.sf2; sourceTree = "<group>"; };
		AC23F16217EAF98C00F6FB7B /* Guitar.app */ = {isa = PBXFileReference; explicitFileType = wrapper.application; includeInIndex = 0; path = Guitar.app; sourceTree = BUILT_PRODUCTS_DIR; };
		AC23F16517EAF98C00F6FB7B /* UIKit.framework */ = {isa = PBXFileReference; lastKnownFileType = wrapper.framework; name = UIKit.framework; path = System/Library/Frameworks/UIKit.framework; sourceTree = SDKROOT; };
		AC23F16717EAF98C00F6FB7B /* Foundation.framework */ = {isa = PBXFileReference; lastKnownFileType = wrapper.framework; name = Foundation.framework; path = System/Library/Frameworks/Foundation.framework; sourceTree = SDKROOT; };
		AC23F16917EAF98C00F6FB7B /* CoreGraphics.framework */ = {isa = PBXFileReference; lastKnownFileType = wrapper.framework; name = CoreGraphics.framework; path = System/Library/Frameworks/CoreGraphics.framework; sourceTree = SDKROOT; };
		AC23F16D17EAF98C00F6FB7B /* Guitar-Info.plist */ = {isa = PBXFileReference; lastKnownFileType = text.plist.xml; path = "Guitar-Info.plist"; sourceTree = "<group>"; };
		AC23F16F17EAF98C00F6FB7B /* en */ = {isa = PBXFileReference; lastKnownFileType = text.plist.strings; name = en; path = en.lproj/InfoPlist.strings; sourceTree = "<group>"; };
		AC23F17117EAF98C00F6FB7B /* main.m */ = {isa = PBXFileReference; lastKnownFileType = sourcecode.c.objc; path = main.m; sourceTree = "<group>"; };
		AC23F17317EAF98C00F6FB7B /* Guitar-Prefix.pch */ = {isa = PBXFileReference; lastKnownFileType = sourcecode.c.h; path = "Guitar-Prefix.pch"; sourceTree = "<group>"; };
		AC23F17417EAF98C00F6FB7B /* AppDelegate.h */ = {isa = PBXFileReference; lastKnownFileType = sourcecode.c.h; path = AppDelegate.h; sourceTree = "<group>"; };
		AC23F17517EAF98C00F6FB7B /* AppDelegate.m */ = {isa = PBXFileReference; lastKnownFileType = sourcecode.c.objc; path = AppDelegate.m; sourceTree = "<group>"; };
		AC23F17717EAF98C00F6FB7B /* Default.png */ = {isa = PBXFileReference; lastKnownFileType = image.png; path = Default.png; sourceTree = "<group>"; };
		AC23F17917EAF98C00F6FB7B /* Default@2x.png */ = {isa = PBXFileReference; lastKnownFileType = image.png; path = "Default@2x.png"; sourceTree = "<group>"; };
		AC23F17B17EAF98C00F6FB7B /* Default-568h@2x.png */ = {isa = PBXFileReference; lastKnownFileType = image.png; path = "Default-568h@2x.png"; sourceTree = "<group>"; };
		AC23F17E17EAF98C00F6FB7B /* en */ = {isa = PBXFileReference; lastKnownFileType = file.storyboard; name = en; path = en.lproj/MainStoryboard_iPhone.storyboard; sourceTree = "<group>"; };
		AC23F18117EAF98C00F6FB7B /* en */ = {isa = PBXFileReference; lastKnownFileType = file.storyboard; name = en; path = en.lproj/MainStoryboard_iPad.storyboard; sourceTree = "<group>"; };
		AC23F18317EAF98C00F6FB7B /* ViewController.h */ = {isa = PBXFileReference; lastKnownFileType = sourcecode.c.h; path = ViewController.h; sourceTree = "<group>"; };
		AC23F18417EAF98C00F6FB7B /* ViewController.m */ = {isa = PBXFileReference; lastKnownFileType = sourcecode.c.objc; path = ViewController.m; sourceTree = "<group>"; };
		AC2D90F817FB4A7A00F4D443 /* MIDIFile.h */ = {isa = PBXFileReference; fileEncoding = 4; lastKnownFileType = sourcecode.c.h; name = MIDIFile.h; path = Guitar/Classes/MIDIFile.h; sourceTree = "<group>"; };
		AC2D90F917FB4A7A00F4D443 /* MIDIFile.m */ = {isa = PBXFileReference; fileEncoding = 4; lastKnownFileType = sourcecode.c.objc; name = MIDIFile.m; path = Guitar/Classes/MIDIFile.m; sourceTree = "<group>"; };
		AC2D90FE17FB810700F4D443 /* GLKit.framework */ = {isa = PBXFileReference; lastKnownFileType = wrapper.framework; name = GLKit.framework; path = System/Library/Frameworks/GLKit.framework; sourceTree = SDKROOT; };
		AC2D910017FB813700F4D443 /* GuitarGLKViewController.h */ = {isa = PBXFileReference; fileEncoding = 4; lastKnownFileType = sourcecode.c.h; name = GuitarGLKViewController.h; path = Guitar/Classes/GuitarGLKViewController.h; sourceTree = "<group>"; };
		AC2D910117FB813800F4D443 /* GuitarGLKViewController.m */ = {isa = PBXFileReference; fileEncoding = 4; lastKnownFileType = sourcecode.c.objc; name = GuitarGLKViewController.m; path = Guitar/Classes/GuitarGLKViewController.m; sourceTree = "<group>"; };
		AC2D910317FB835000F4D443 /* OpenGLES.framework */ = {isa = PBXFileReference; lastKnownFileType = wrapper.framework; name = OpenGLES.framework; path = System/Library/Frameworks/OpenGLES.framework; sourceTree = SDKROOT; };
		AC2D910417FB835100F4D443 /* QuartzCore.framework */ = {isa = PBXFileReference; lastKnownFileType = wrapper.framework; name = QuartzCore.framework; path = System/Library/Frameworks/QuartzCore.framework; sourceTree = SDKROOT; };
		AC2D911717FF71FD00F4D443 /* Accelerate.framework */ = {isa = PBXFileReference; lastKnownFileType = wrapper.framework; name = Accelerate.framework; path = System/Library/Frameworks/Accelerate.framework; sourceTree = SDKROOT; };
/* End PBXFileReference section */

/* Begin PBXFrameworksBuildPhase section */
		AC23F15F17EAF98C00F6FB7B /* Frameworks */ = {
			isa = PBXFrameworksBuildPhase;
			buildActionMask = 2147483647;
			files = (
				AC2D911817FF71FD00F4D443 /* Accelerate.framework in Frameworks */,
				AC2D910517FB835100F4D443 /* OpenGLES.framework in Frameworks */,
				AC2D910617FB835100F4D443 /* QuartzCore.framework in Frameworks */,
				AC2D90FF17FB810700F4D443 /* GLKit.framework in Frameworks */,
				AC0118D117FADF8C00EC44B0 /* CoreMIDI.framework in Frameworks */,
				AC0118CE17FAD02700EC44B0 /* AudioToolbox.framework in Frameworks */,
				AC0118CF17FAD02700EC44B0 /* AVFoundation.framework in Frameworks */,
				AC23F16617EAF98C00F6FB7B /* UIKit.framework in Frameworks */,
				AC23F16817EAF98C00F6FB7B /* Foundation.framework in Frameworks */,
				AC23F16A17EAF98C00F6FB7B /* CoreGraphics.framework in Frameworks */,
			);
			runOnlyForDeploymentPostprocessing = 0;
		};
/* End PBXFrameworksBuildPhase section */

/* Begin PBXGroup section */
		AC0118C817FAC93400EC44B0 /* Classes */ = {
			isa = PBXGroup;
			children = (
				AC0118C917FAC99800EC44B0 /* AudioHost.h */,
				AC0118CA17FAC99800EC44B0 /* AudioHost.m */,
				AC2D90F817FB4A7A00F4D443 /* MIDIFile.h */,
				AC2D90F917FB4A7A00F4D443 /* MIDIFile.m */,
				AC2D910017FB813700F4D443 /* GuitarGLKViewController.h */,
				AC2D910117FB813800F4D443 /* GuitarGLKViewController.m */,
			);
			name = Classes;
			sourceTree = "<group>";
		};
		AC0118D217FAE47900EC44B0 /* Ressources */ = {
			isa = PBXGroup;
			children = (
				AC0118D617FAE4F300EC44B0 /* Songs */,
				AC0118D317FAE4D400EC44B0 /* Sounds */,
			);
			name = Ressources;
			sourceTree = "<group>";
		};
		AC0118D317FAE4D400EC44B0 /* Sounds */ = {
			isa = PBXGroup;
			children = (
				AC0118D917FAE9ED00EC44B0 /* instruments.sf2 */,
				AC0118D417FAE4EB00EC44B0 /* instruments.dls */,
			);
			name = Sounds;
			sourceTree = "<group>";
		};
		AC0118D617FAE4F300EC44B0 /* Songs */ = {
			isa = PBXGroup;
			children = (
				AC0118D717FAE54D00EC44B0 /* offspring.mid */,
			);
			name = Songs;
			sourceTree = "<group>";
		};
		AC23F15917EAF98C00F6FB7B = {
			isa = PBXGroup;
			children = (
				AC0118C817FAC93400EC44B0 /* Classes */,
				AC23F16417EAF98C00F6FB7B /* Frameworks */,
				AC23F16B17EAF98C00F6FB7B /* Guitar */,
				AC23F16317EAF98C00F6FB7B /* Products */,
				AC0118D217FAE47900EC44B0 /* Ressources */,
			);
			sourceTree = "<group>";
		};
		AC23F16317EAF98C00F6FB7B /* Products */ = {
			isa = PBXGroup;
			children = (
				AC23F16217EAF98C00F6FB7B /* Guitar.app */,
			);
			name = Products;
			sourceTree = "<group>";
		};
		AC23F16417EAF98C00F6FB7B /* Frameworks */ = {
			isa = PBXGroup;
			children = (
				AC2D911717FF71FD00F4D443 /* Accelerate.framework */,
				AC2D910317FB835000F4D443 /* OpenGLES.framework */,
				AC2D910417FB835100F4D443 /* QuartzCore.framework */,
				AC2D90FE17FB810700F4D443 /* GLKit.framework */,
				AC0118D017FADF8C00EC44B0 /* CoreMIDI.framework */,
				AC0118CC17FAD02700EC44B0 /* AudioToolbox.framework */,
				AC0118CD17FAD02700EC44B0 /* AVFoundation.framework */,
				AC23F16517EAF98C00F6FB7B /* UIKit.framework */,
				AC23F16717EAF98C00F6FB7B /* Foundation.framework */,
				AC23F16917EAF98C00F6FB7B /* CoreGraphics.framework */,
			);
			name = Frameworks;
			sourceTree = "<group>";
		};
		AC23F16B17EAF98C00F6FB7B /* Guitar */ = {
			isa = PBXGroup;
			children = (
				AC23F17417EAF98C00F6FB7B /* AppDelegate.h */,
				AC23F17517EAF98C00F6FB7B /* AppDelegate.m */,
				AC23F17D17EAF98C00F6FB7B /* MainStoryboard_iPhone.storyboard */,
				AC23F18017EAF98C00F6FB7B /* MainStoryboard_iPad.storyboard */,
				AC23F18317EAF98C00F6FB7B /* ViewController.h */,
				AC23F18417EAF98C00F6FB7B /* ViewController.m */,
				AC23F16C17EAF98C00F6FB7B /* Supporting Files */,
			);
			path = Guitar;
			sourceTree = "<group>";
		};
		AC23F16C17EAF98C00F6FB7B /* Supporting Files */ = {
			isa = PBXGroup;
			children = (
				AC23F16D17EAF98C00F6FB7B /* Guitar-Info.plist */,
				AC23F16E17EAF98C00F6FB7B /* InfoPlist.strings */,
				AC23F17117EAF98C00F6FB7B /* main.m */,
				AC23F17317EAF98C00F6FB7B /* Guitar-Prefix.pch */,
				AC23F17717EAF98C00F6FB7B /* Default.png */,
				AC23F17917EAF98C00F6FB7B /* Default@2x.png */,
				AC23F17B17EAF98C00F6FB7B /* Default-568h@2x.png */,
			);
			name = "Supporting Files";
			sourceTree = "<group>";
		};
/* End PBXGroup section */

/* Begin PBXNativeTarget section */
		AC23F16117EAF98C00F6FB7B /* Guitar */ = {
			isa = PBXNativeTarget;
			buildConfigurationList = AC23F18817EAF98C00F6FB7B /* Build configuration list for PBXNativeTarget "Guitar" */;
			buildPhases = (
				AC23F15E17EAF98C00F6FB7B /* Sources */,
				AC23F15F17EAF98C00F6FB7B /* Frameworks */,
				AC23F16017EAF98C00F6FB7B /* Resources */,
			);
			buildRules = (
			);
			dependencies = (
			);
			name = Guitar;
			productName = Guitar;
			productReference = AC23F16217EAF98C00F6FB7B /* Guitar.app */;
			productType = "com.apple.product-type.application";
		};
/* End PBXNativeTarget section */

/* Begin PBXProject section */
		AC23F15A17EAF98C00F6FB7B /* Project object */ = {
			isa = PBXProject;
			attributes = {
				LastUpgradeCheck = 0460;
				ORGANIZATIONNAME = "Raimund Wege";
			};
			buildConfigurationList = AC23F15D17EAF98C00F6FB7B /* Build configuration list for PBXProject "Guitar" */;
			compatibilityVersion = "Xcode 3.2";
			developmentRegion = English;
			hasScannedForEncodings = 0;
			knownRegions = (
				en,
			);
			mainGroup = AC23F15917EAF98C00F6FB7B;
			productRefGroup = AC23F16317EAF98C00F6FB7B /* Products */;
			projectDirPath = "";
			projectRoot = "";
			targets = (
				AC23F16117EAF98C00F6FB7B /* Guitar */,
			);
		};
/* End PBXProject section */

/* Begin PBXResourcesBuildPhase section */
		AC23F16017EAF98C00F6FB7B /* Resources */ = {
			isa = PBXResourcesBuildPhase;
			buildActionMask = 2147483647;
			files = (
				AC23F17017EAF98C00F6FB7B /* InfoPlist.strings in Resources */,
				AC23F17817EAF98C00F6FB7B /* Default.png in Resources */,
				AC23F17A17EAF98C00F6FB7B /* Default@2x.png in Resources */,
				AC23F17C17EAF98C00F6FB7B /* Default-568h@2x.png in Resources */,
				AC23F17F17EAF98C00F6FB7B /* MainStoryboard_iPhone.storyboard in Resources */,
				AC23F18217EAF98C00F6FB7B /* MainStoryboard_iPad.storyboard in Resources */,
				AC0118D517FAE4EB00EC44B0 /* instruments.dls in Resources */,
				AC0118D817FAE54D00EC44B0 /* offspring.mid in Resources */,
				AC0118DA17FAE9ED00EC44B0 /* instruments.sf2 in Resources */,
			);
			runOnlyForDeploymentPostprocessing = 0;
		};
/* End PBXResourcesBuildPhase section */

/* Begin PBXSourcesBuildPhase section */
		AC23F15E17EAF98C00F6FB7B /* Sources */ = {
			isa = PBXSourcesBuildPhase;
			buildActionMask = 2147483647;
			files = (
				AC23F17217EAF98C00F6FB7B /* main.m in Sources */,
				AC23F17617EAF98C00F6FB7B /* AppDelegate.m in Sources */,
				AC23F18517EAF98C00F6FB7B /* ViewController.m in Sources */,
				AC0118CB17FAC99800EC44B0 /* AudioHost.m in Sources */,
				AC2D90FA17FB4A7A00F4D443 /* MIDIFile.m in Sources */,
				AC2D910217FB813800F4D443 /* GuitarGLKViewController.m in Sources */,
			);
			runOnlyForDeploymentPostprocessing = 0;
		};
/* End PBXSourcesBuildPhase section */

/* Begin PBXVariantGroup section */
		AC23F16E17EAF98C00F6FB7B /* InfoPlist.strings */ = {
			isa = PBXVariantGroup;
			children = (
				AC23F16F17EAF98C00F6FB7B /* en */,
			);
			name = InfoPlist.strings;
			sourceTree = "<group>";
		};
		AC23F17D17EAF98C00F6FB7B /* MainStoryboard_iPhone.storyboard */ = {
			isa = PBXVariantGroup;
			children = (
				AC23F17E17EAF98C00F6FB7B /* en */,
			);
			name = MainStoryboard_iPhone.storyboard;
			sourceTree = "<group>";
		};
		AC23F18017EAF98C00F6FB7B /* MainStoryboard_iPad.storyboard */ = {
			isa = PBXVariantGroup;
			children = (
				AC23F18117EAF98C00F6FB7B /* en */,
			);
			name = MainStoryboard_iPad.storyboard;
			sourceTree = "<group>";
		};
/* End PBXVariantGroup section */

/* Begin XCBuildConfiguration section */
		AC23F18617EAF98C00F6FB7B /* Debug */ = {
			isa = XCBuildConfiguration;
			buildSettings = {
				ALWAYS_SEARCH_USER_PATHS = NO;
				CLANG_CXX_LANGUAGE_STANDARD = "gnu++0x";
				CLANG_CXX_LIBRARY = "libc++";
				CLANG_ENABLE_OBJC_ARC = YES;
				CLANG_WARN_CONSTANT_CONVERSION = YES;
				CLANG_WARN_EMPTY_BODY = YES;
				CLANG_WARN_ENUM_CONVERSION = YES;
				CLANG_WARN_INT_CONVERSION = YES;
				CLANG_WARN__DUPLICATE_METHOD_MATCH = YES;
				"CODE_SIGN_IDENTITY[sdk=iphoneos*]" = "iPhone Developer";
				COPY_PHASE_STRIP = NO;
				GCC_C_LANGUAGE_STANDARD = gnu99;
				GCC_DYNAMIC_NO_PIC = NO;
				GCC_OPTIMIZATION_LEVEL = 0;
				GCC_PREPROCESSOR_DEFINITIONS = (
					"DEBUG=1",
					"$(inherited)",
				);
				GCC_SYMBOLS_PRIVATE_EXTERN = NO;
				GCC_WARN_ABOUT_RETURN_TYPE = YES;
				GCC_WARN_UNINITIALIZED_AUTOS = YES;
				GCC_WARN_UNUSED_VARIABLE = YES;
				IPHONEOS_DEPLOYMENT_TARGET = 6.1;
				ONLY_ACTIVE_ARCH = YES;
				SDKROOT = iphoneos;
				TARGETED_DEVICE_FAMILY = "1,2";
			};
			name = Debug;
		};
		AC23F18717EAF98C00F6FB7B /* Release */ = {
			isa = XCBuildConfiguration;
			buildSettings = {
				ALWAYS_SEARCH_USER_PATHS = NO;
				CLANG_CXX_LANGUAGE_STANDARD = "gnu++0x";
				CLANG_CXX_LIBRARY = "libc++";
				CLANG_ENABLE_OBJC_ARC = YES;
				CLANG_WARN_CONSTANT_CONVERSION = YES;
				CLANG_WARN_EMPTY_BODY = YES;
				CLANG_WARN_ENUM_CONVERSION = YES;
				CLANG_WARN_INT_CONVERSION = YES;
				CLANG_WARN__DUPLICATE_METHOD_MATCH = YES;
				"CODE_SIGN_IDENTITY[sdk=iphoneos*]" = "iPhone Developer";
				COPY_PHASE_STRIP = YES;
				GCC_C_LANGUAGE_STANDARD = gnu99;
				GCC_WARN_ABOUT_RETURN_TYPE = YES;
				GCC_WARN_UNINITIALIZED_AUTOS = YES;
				GCC_WARN_UNUSED_VARIABLE = YES;
				IPHONEOS_DEPLOYMENT_TARGET = 6.1;
				OTHER_CFLAGS = "-DNS_BLOCK_ASSERTIONS=1";
				SDKROOT = iphoneos;
				TARGETED_DEVICE_FAMILY = "1,2";
				VALIDATE_PRODUCT = YES;
			};
			name = Release;
		};
		AC23F18917EAF98C00F6FB7B /* Debug */ = {
			isa = XCBuildConfiguration;
			buildSettings = {
				GCC_PRECOMPILE_PREFIX_HEADER = YES;
				GCC_PREFIX_HEADER = "Guitar/Guitar-Prefix.pch";
				INFOPLIST_FILE = "Guitar/Guitar-Info.plist";
				IPHONEOS_DEPLOYMENT_TARGET = 5.0;
				PRODUCT_NAME = "$(TARGET_NAME)";
				WRAPPER_EXTENSION = app;
			};
			name = Debug;
		};
		AC23F18A17EAF98C00F6FB7B /* Release */ = {
			isa = XCBuildConfiguration;
			buildSettings = {
				GCC_PRECOMPILE_PREFIX_HEADER = YES;
				GCC_PREFIX_HEADER = "Guitar/Guitar-Prefix.pch";
				INFOPLIST_FILE = "Guitar/Guitar-Info.plist";
				IPHONEOS_DEPLOYMENT_TARGET = 5.0;
				PRODUCT_NAME = "$(TARGET_NAME)";
				WRAPPER_EXTENSION = app;
			};
			name = Release;
		};
/* End XCBuildConfiguration section */

/* Begin XCConfigurationList section */
		AC23F15D17EAF98C00F6FB7B /* Build configuration list for PBXProject "Guitar" */ = {
			isa = XCConfigurationList;
			buildConfigurations = (
				AC23F18617EAF98C00F6FB7B /* Debug */,
				AC23F18717EAF98C00F6FB7B /* Release */,
			);
			defaultConfigurationIsVisible = 0;
			defaultConfigurationName = Release;
		};
		AC23F18817EAF98C00F6FB7B /* Build configuration list for PBXNativeTarget "Guitar" */ = {
			isa = XCConfigurationList;
			buildConfigurations = (
				AC23F18917EAF98C00F6FB7B /* Debug */,
				AC23F18A17EAF98C00F6FB7B /* Release */,
			);
			defaultConfigurationIsVisible = 0;
			defaultConfigurationName = Release;
		};
/* End XCConfigurationList section */
	};
	rootObject = AC23F15A17EAF98C00F6FB7B /* Project object */;
}
